<?xml version="1.0" encoding="utf-8"?>
<Project ToolsVersion="4.0" xmlns="http://schemas.microsoft.com/developer/msbuild/2003">
  <ItemGroup>
    <Filter Include="ソース ファイル">
      <UniqueIdentifier>{4FC737F1-C7A5-4376-A066-2A32D752A2FF}</UniqueIdentifier>
      <Extensions>cpp;c;cc;cxx;def;odl;idl;hpj;bat;asm;asmx</Extensions>
    </Filter>
    <Filter Include="ヘッダー ファイル">
      <UniqueIdentifier>{93995380-89BD-4b04-88EB-625FBE52EBFB}</UniqueIdentifier>
      <Extensions>h;hh;hpp;hxx;hm;inl;inc;xsd</Extensions>
    </Filter>
    <Filter Include="リソース ファイル">
      <UniqueIdentifier>{67DA6AB6-F800-4c08-8B7A-83BB121AAD01}</UniqueIdentifier>
      <Extensions>rc;ico;cur;bmp;dlg;rc2;rct;bin;rgs;gif;jpg;jpeg;jpe;resx;tiff;tif;png;wav;mfcribbon-ms</Extensions>
    </Filter>
    <Filter Include="ソース ファイル\OpenGl">
      <UniqueIdentifier>{3f65f5f2-0036-49fe-8eeb-a5945f6939f9}</UniqueIdentifier>
    </Filter>
    <Filter Include="ソース ファイル\Scene">
      <UniqueIdentifier>{258e0743-a153-4f1a-8828-c0d00f7c1751}</UniqueIdentifier>
    </Filter>
    <Filter Include="ソース ファイル\Scene\SceneBasic">
      <UniqueIdentifier>{de451ac6-50fc-487d-a184-3b9c723c370a}</UniqueIdentifier>
    </Filter>
    <Filter Include="ソース ファイル\Scene\ScneUni">
      <UniqueIdentifier>{1e59342f-325c-4379-b6d1-58e085151a91}</UniqueIdentifier>
    </Filter>
    <Filter Include="ソース ファイル\Scene\SceneBox">
      <UniqueIdentifier>{9cdaf105-7b70-439a-ae3b-836993193d74}</UniqueIdentifier>
    </Filter>
    <Filter Include="ソース ファイル\Scene\SceneDiffuse">
      <UniqueIdentifier>{febe8df7-6083-4519-ab53-983356a93f6e}</UniqueIdentifier>
    </Filter>
    <Filter Include="ソース ファイル\Scene\SceneAds">
      <UniqueIdentifier>{6b3d04d5-cbce-40c0-9243-6a6a6c8493df}</UniqueIdentifier>
    </Filter>
    <Filter Include="ソース ファイル\Scene\SceneSub">
      <UniqueIdentifier>{dca06d86-5863-4925-9931-6f19a275c949}</UniqueIdentifier>
    </Filter>
    <Filter Include="ソース ファイル\Scene\SceneTwoside">
      <UniqueIdentifier>{e21f421b-c18d-4732-a42b-ce606764a760}</UniqueIdentifier>
    </Filter>
    <Filter Include="ソース ファイル\Scene\SceneFlat">
      <UniqueIdentifier>{1ee59a61-4e8a-4aa7-bd92-37cf26863123}</UniqueIdentifier>
    </Filter>
    <Filter Include="ソース ファイル\Scene\SceneDiscard">
      <UniqueIdentifier>{abfcdc09-c7d9-46c3-a730-6d4ce522f43e}</UniqueIdentifier>
    </Filter>
    <Filter Include="ソース ファイル\Scene\SceneMulti">
      <UniqueIdentifier>{6cefd6d4-cffa-49bb-90b6-8bc97ae7dd2a}</UniqueIdentifier>
    </Filter>
    <Filter Include="ソース ファイル\Scene\SceneDirectional">
      <UniqueIdentifier>{125ce0d3-2efd-47be-88ce-41bb69268063}</UniqueIdentifier>
    </Filter>
    <Filter Include="ソース ファイル\Scene\SceneFragment">
      <UniqueIdentifier>{d835ee8b-c0a2-41ea-9600-f08792855569}</UniqueIdentifier>
    </Filter>
    <Filter Include="ソース ファイル\Scene\SceneSpotl">
      <UniqueIdentifier>{7c3b7e72-6c2b-4661-8701-4ca480e40726}</UniqueIdentifier>
    </Filter>
    <Filter Include="ソース ファイル\Scene\SceneToon">
      <UniqueIdentifier>{0e4bf016-9a3e-4a43-bd2b-74e182929655}</UniqueIdentifier>
    </Filter>
    <Filter Include="ソース ファイル\Scene\SceneFog">
      <UniqueIdentifier>{4d7ff87a-b497-4b72-812f-57b33c2b1f01}</UniqueIdentifier>
    </Filter>
    <Filter Include="ソース ファイル\Scene\SceneTexture">
      <UniqueIdentifier>{a73ee8f5-beea-4a70-b7de-c65fb7cde881}</UniqueIdentifier>
    </Filter>
    <Filter Include="ソース ファイル\Scene\SceneMultiTex">
      <UniqueIdentifier>{06d4013d-bc65-4ed0-9881-b492fdd6a9d0}</UniqueIdentifier>
    </Filter>
    <Filter Include="ソース ファイル\Scene\SceneAlpha">
      <UniqueIdentifier>{eb36a158-422d-4f9b-9e52-8d09962ae3d1}</UniqueIdentifier>
    </Filter>
    <Filter Include="ソース ファイル\Scene\SceneNormalMap">
      <UniqueIdentifier>{e37ad548-7220-4b7c-bbb2-bd94c40daf6e}</UniqueIdentifier>
    </Filter>
    <Filter Include="ソース ファイル\Scene\SceneRefractCube">
      <UniqueIdentifier>{a92184ad-ebd3-47bf-a218-99ef8bf34ae0}</UniqueIdentifier>
    </Filter>
    <Filter Include="ソース ファイル\Scene\SceneReflect">
      <UniqueIdentifier>{1a5aa80c-b2fb-499e-9f24-c4d92ed71939}</UniqueIdentifier>
    </Filter>
  </ItemGroup>
  <ItemGroup>
    <Text Include="ReadMe.txt" />
  </ItemGroup>
  <ItemGroup>
    <ClInclude Include="stdafx.h">
      <Filter>ヘッダー ファイル</Filter>
    </ClInclude>
    <ClInclude Include="targetver.h">
      <Filter>ヘッダー ファイル</Filter>
    </ClInclude>
    <ClInclude Include="MainLoop.h">
      <Filter>ソース ファイル\OpenGl</Filter>
    </ClInclude>
    <ClInclude Include="Shader.h">
      <Filter>ソース ファイル\OpenGl</Filter>
    </ClInclude>
    <ClInclude Include="Scene.h">
      <Filter>ソース ファイル\Scene</Filter>
    </ClInclude>
    <ClInclude Include="SceneBasic.h">
      <Filter>ソース ファイル\Scene\SceneBasic</Filter>
    </ClInclude>
    <ClInclude Include="Glutils.h">
      <Filter>ソース ファイル\OpenGl</Filter>
    </ClInclude>
    <ClInclude Include="MainView.h">
      <Filter>ソース ファイル\OpenGl</Filter>
    </ClInclude>
    <ClInclude Include="SceneUni.h">
      <Filter>ソース ファイル\Scene\ScneUni</Filter>
    </ClInclude>
    <ClInclude Include="SceneBox.h">
      <Filter>ソース ファイル\Scene\SceneBox</Filter>
    </ClInclude>
    <ClInclude Include="SceneDiffuse.h">
      <Filter>ソース ファイル\Scene\SceneDiffuse</Filter>
    </ClInclude>
    <ClInclude Include="DrawAble.h">
      <Filter>ソース ファイル\OpenGl</Filter>
    </ClInclude>
    <ClInclude Include="VboTorus.h">
      <Filter>ソース ファイル\OpenGl</Filter>
    </ClInclude>
    <ClInclude Include="Defines.h">
      <Filter>ソース ファイル</Filter>
    </ClInclude>
    <ClInclude Include="SceneAds.h">
      <Filter>ソース ファイル\Scene\SceneAds</Filter>
    </ClInclude>
    <ClInclude Include="SceneSub.h">
      <Filter>ソース ファイル\Scene\SceneSub</Filter>
    </ClInclude>
    <ClInclude Include="VboTeapot.h">
      <Filter>ソース ファイル\OpenGl</Filter>
    </ClInclude>
    <ClInclude Include="teapotdata.h">
      <Filter>ソース ファイル\OpenGl</Filter>
    </ClInclude>
    <ClInclude Include="SceneTwoside.h">
      <Filter>ソース ファイル\Scene\SceneTwoside</Filter>
    </ClInclude>
    <ClInclude Include="SceneFlat.h">
      <Filter>ソース ファイル\Scene\SceneFlat</Filter>
    </ClInclude>
    <ClInclude Include="VBOMesh.h">
      <Filter>ソース ファイル\OpenGl</Filter>
    </ClInclude>
    <ClInclude Include="SceneDiscard.h">
      <Filter>ソース ファイル\Scene\SceneDiscard</Filter>
    </ClInclude>
    <ClInclude Include="SceneMulti.h">
      <Filter>ソース ファイル\Scene\SceneMulti</Filter>
    </ClInclude>
    <ClInclude Include="VBOPlane.h">
      <Filter>ソース ファイル\OpenGl</Filter>
    </ClInclude>
    <ClInclude Include="SceneDirectional.h">
      <Filter>ソース ファイル\Scene\SceneDirectional</Filter>
    </ClInclude>
    <ClInclude Include="SceneFragment.h">
      <Filter>ソース ファイル\Scene\SceneFragment</Filter>
    </ClInclude>
    <ClInclude Include="SceneSpot.h">
      <Filter>ソース ファイル\Scene\SceneSpotl</Filter>
    </ClInclude>
    <ClInclude Include="SceneToon.h">
      <Filter>ソース ファイル\Scene\SceneToon</Filter>
    </ClInclude>
    <ClInclude Include="SceneFog.h">
      <Filter>ソース ファイル\Scene\SceneFog</Filter>
    </ClInclude>
    <ClInclude Include="SceneTexture.h">
      <Filter>ソース ファイル\Scene\SceneTexture</Filter>
    </ClInclude>
    <ClInclude Include="VBOCube.h">
      <Filter>ソース ファイル\OpenGl</Filter>
    </ClInclude>
    <ClInclude Include="SceneMultitex.h">
      <Filter>ソース ファイル\Scene\SceneMultiTex</Filter>
    </ClInclude>
    <ClInclude Include="SceneAlpha.h">
      <Filter>ソース ファイル\Scene\SceneAlpha</Filter>
    </ClInclude>
    <ClInclude Include="SceneNormalMap.h">
      <Filter>ソース ファイル\Scene\SceneNormalMap</Filter>
    </ClInclude>
    <ClInclude Include="SceneRefractCube.h">
      <Filter>ソース ファイル\Scene\SceneRefractCube</Filter>
    </ClInclude>
    <ClInclude Include="Skybox.h">
      <Filter>ソース ファイル\OpenGl</Filter>
    </ClInclude>
    <ClInclude Include="SceneReflectCube.h">
      <Filter>ソース ファイル\Scene\SceneReflect</Filter>
    </ClInclude>
  </ItemGroup>
  <ItemGroup>
    <ClCompile Include="stdafx.cpp">
      <Filter>ソース ファイル</Filter>
    </ClCompile>
    <ClCompile Include="Main.cpp">
      <Filter>ソース ファイル</Filter>
    </ClCompile>
    <ClCompile Include="MainLoop.cpp">
      <Filter>ソース ファイル\OpenGl</Filter>
    </ClCompile>
    <ClCompile Include="Shader.cpp">
      <Filter>ソース ファイル\OpenGl</Filter>
    </ClCompile>
    <ClCompile Include="Scene.cpp">
      <Filter>ソース ファイル\Scene</Filter>
    </ClCompile>
    <ClCompile Include="SceneBasic.cpp">
      <Filter>ソース ファイル\Scene\SceneBasic</Filter>
    </ClCompile>
    <ClCompile Include="Glutils.cpp">
      <Filter>ソース ファイル\OpenGl</Filter>
    </ClCompile>
    <ClCompile Include="MainView.cpp">
      <Filter>ソース ファイル\OpenGl</Filter>
    </ClCompile>
    <ClCompile Include="SceneUni.cpp">
      <Filter>ソース ファイル\Scene\ScneUni</Filter>
    </ClCompile>
    <ClCompile Include="SceneBox.cpp">
      <Filter>ソース ファイル\Scene\SceneBox</Filter>
    </ClCompile>
    <ClCompile Include="SceneDiffuse.cpp">
      <Filter>ソース ファイル\Scene\SceneDiffuse</Filter>
    </ClCompile>
    <ClCompile Include="DrawAble.cpp">
      <Filter>ソース ファイル\OpenGl</Filter>
    </ClCompile>
    <ClCompile Include="VboTorus.cpp">
      <Filter>ソース ファイル\OpenGl</Filter>
    </ClCompile>
    <ClCompile Include="SceneAds.cpp">
      <Filter>ソース ファイル\Scene\SceneAds</Filter>
    </ClCompile>
    <ClCompile Include="SceneSub.cpp">
      <Filter>ソース ファイル\Scene\SceneSub</Filter>
    </ClCompile>
    <ClCompile Include="VboTeapot.cpp">
      <Filter>ソース ファイル\OpenGl</Filter>
    </ClCompile>
    <ClCompile Include="SceneTwoside.cpp">
      <Filter>ソース ファイル\Scene\SceneTwoside</Filter>
    </ClCompile>
    <ClCompile Include="SceneFlat.cpp">
      <Filter>ソース ファイル\Scene\SceneFlat</Filter>
    </ClCompile>
    <ClCompile Include="VBOMesh.cpp">
      <Filter>ソース ファイル\OpenGl</Filter>
    </ClCompile>
    <ClCompile Include="SceneDiscard.cpp">
      <Filter>ソース ファイル\Scene\SceneDiscard</Filter>
    </ClCompile>
    <ClCompile Include="SceneMulti.cpp">
      <Filter>ソース ファイル\Scene\SceneMulti</Filter>
    </ClCompile>
    <ClCompile Include="VBOPlane.cpp">
      <Filter>ソース ファイル\OpenGl</Filter>
    </ClCompile>
    <ClCompile Include="SceneDirectional.cpp">
      <Filter>ソース ファイル\Scene\SceneDirectional</Filter>
    </ClCompile>
    <ClCompile Include="SceneFragment.cpp">
      <Filter>ソース ファイル\Scene\SceneFragment</Filter>
    </ClCompile>
    <ClCompile Include="SceneToon.cpp">
      <Filter>ソース ファイル\Scene\SceneToon</Filter>
    </ClCompile>
    <ClCompile Include="SceneSpot.cpp">
      <Filter>ソース ファイル\Scene\SceneSpotl</Filter>
    </ClCompile>
    <ClCompile Include="SceneFog.cpp">
      <Filter>ソース ファイル\Scene\SceneFog</Filter>
    </ClCompile>
    <ClCompile Include="SceneTexture.cpp">
      <Filter>ソース ファイル\Scene\SceneTexture</Filter>
    </ClCompile>
    <ClCompile Include="VBOCube.cpp">
      <Filter>ソース ファイル\OpenGl</Filter>
    </ClCompile>
    <ClCompile Include="SceneMultitex.cpp">
      <Filter>ソース ファイル\Scene\SceneMultiTex</Filter>
    </ClCompile>
    <ClCompile Include="SceneAlpha.cpp">
      <Filter>ソース ファイル\Scene\SceneAlpha</Filter>
    </ClCompile>
    <ClCompile Include="SceneNormalMap.cpp">
      <Filter>ソース ファイル\Scene\SceneNormalMap</Filter>
    </ClCompile>
    <ClCompile Include="SceneRefractCube.cpp">
      <Filter>ソース ファイル\Scene\SceneRefractCube</Filter>
    </ClCompile>
    <ClCompile Include="Skybox.cpp">
      <Filter>ソース ファイル\OpenGl</Filter>
    </ClCompile>
    <ClCompile Include="SceneReflectCube.cpp">
      <Filter>ソース ファイル\Scene\SceneReflect</Filter>
    </ClCompile>
  </ItemGroup>
</Project>