<?xml version="1.0" encoding="utf-8"?>
<Project ToolsVersion="4.0" xmlns="http://schemas.microsoft.com/developer/msbuild/2003">
  <ItemGroup>
    <Filter Include="ソース ファイル">
      <UniqueIdentifier>{4FC737F1-C7A5-4376-A066-2A32D752A2FF}</UniqueIdentifier>
      <Extensions>cpp;c;cc;cxx;def;odl;idl;hpj;bat;asm;asmx</Extensions>
    </Filter>
    <Filter Include="ヘッダー ファイル">
      <UniqueIdentifier>{93995380-89BD-4b04-88EB-625FBE52EBFB}</UniqueIdentifier>
      <Extensions>h;hh;hpp;hxx;hm;inl;inc;xsd</Extensions>
    </Filter>
    <Filter Include="リソース ファイル">
      <UniqueIdentifier>{67DA6AB6-F800-4c08-8B7A-83BB121AAD01}</UniqueIdentifier>
      <Extensions>rc;ico;cur;bmp;dlg;rc2;rct;bin;rgs;gif;jpg;jpeg;jpe;resx;tiff;tif;png;wav;mfcribbon-ms</Extensions>
    </Filter>
    <Filter Include="ソース ファイル\OpenGl">
      <UniqueIdentifier>{3f65f5f2-0036-49fe-8eeb-a5945f6939f9}</UniqueIdentifier>
    </Filter>
    <Filter Include="ソース ファイル\Scene">
      <UniqueIdentifier>{258e0743-a153-4f1a-8828-c0d00f7c1751}</UniqueIdentifier>
    </Filter>
    <Filter Include="ソース ファイル\Scene\SceneBasic">
      <UniqueIdentifier>{de451ac6-50fc-487d-a184-3b9c723c370a}</UniqueIdentifier>
    </Filter>
    <Filter Include="ソース ファイル\Scene\ScneUni">
      <UniqueIdentifier>{1e59342f-325c-4379-b6d1-58e085151a91}</UniqueIdentifier>
    </Filter>
    <Filter Include="ソース ファイル\Scene\SceneBox">
      <UniqueIdentifier>{9cdaf105-7b70-439a-ae3b-836993193d74}</UniqueIdentifier>
    </Filter>
  </ItemGroup>
  <ItemGroup>
    <Text Include="ReadMe.txt" />
  </ItemGroup>
  <ItemGroup>
    <ClInclude Include="stdafx.h">
      <Filter>ヘッダー ファイル</Filter>
    </ClInclude>
    <ClInclude Include="targetver.h">
      <Filter>ヘッダー ファイル</Filter>
    </ClInclude>
    <ClInclude Include="MainLoop.h">
      <Filter>ソース ファイル\OpenGl</Filter>
    </ClInclude>
    <ClInclude Include="Shader.h">
      <Filter>ソース ファイル\OpenGl</Filter>
    </ClInclude>
    <ClInclude Include="Scene.h">
      <Filter>ソース ファイル\Scene</Filter>
    </ClInclude>
    <ClInclude Include="SceneBasic.h">
      <Filter>ソース ファイル\Scene\SceneBasic</Filter>
    </ClInclude>
    <ClInclude Include="Glutils.h">
      <Filter>ソース ファイル\OpenGl</Filter>
    </ClInclude>
    <ClInclude Include="MainView.h">
      <Filter>ソース ファイル\OpenGl</Filter>
    </ClInclude>
    <ClInclude Include="SceneUni.h">
      <Filter>ソース ファイル\Scene\ScneUni</Filter>
    </ClInclude>
    <ClInclude Include="SceneBox.h">
      <Filter>ソース ファイル\Scene\SceneBox</Filter>
    </ClInclude>
  </ItemGroup>
  <ItemGroup>
    <ClCompile Include="stdafx.cpp">
      <Filter>ソース ファイル</Filter>
    </ClCompile>
    <ClCompile Include="Main.cpp">
      <Filter>ソース ファイル</Filter>
    </ClCompile>
    <ClCompile Include="MainLoop.cpp">
      <Filter>ソース ファイル\OpenGl</Filter>
    </ClCompile>
    <ClCompile Include="Shader.cpp">
      <Filter>ソース ファイル\OpenGl</Filter>
    </ClCompile>
    <ClCompile Include="Scene.cpp">
      <Filter>ソース ファイル\Scene</Filter>
    </ClCompile>
    <ClCompile Include="SceneBasic.cpp">
      <Filter>ソース ファイル\Scene\SceneBasic</Filter>
    </ClCompile>
    <ClCompile Include="Glutils.cpp">
      <Filter>ソース ファイル\OpenGl</Filter>
    </ClCompile>
    <ClCompile Include="MainView.cpp">
      <Filter>ソース ファイル\OpenGl</Filter>
    </ClCompile>
    <ClCompile Include="SceneUni.cpp">
      <Filter>ソース ファイル\Scene\ScneUni</Filter>
    </ClCompile>
    <ClCompile Include="SceneBox.cpp">
      <Filter>ソース ファイル\Scene\SceneBox</Filter>
    </ClCompile>
  </ItemGroup>
</Project>